
Microsoft Visual Studio Solution File, Format Version 12.00
# Visual Studio Version 17
VisualStudioVersion = 17.0.31903.59
MinimumVisualStudioVersion = 10.0.40219.1
Project("{2150E333-8FDC-42A3-9474-1A3956D46DE8}") = "src", "src", "{643EE121-702B-4A9B-8DC2-D31AF7A28E27}"
EndProject
Project("{FAE04EC0-301F-11D3-BF4B-00C04F79EFBC}") = "Crawler.Domain", "src\Crawler.Domain\Crawler.Domain.csproj", "{A7A0F3C7-F5AD-409E-A9C0-A9705D018E63}"
EndProject
Project("{2150E333-8FDC-42A3-9474-1A3956D46DE8}") = "tests", "tests", "{DAF69F2D-FA8E-4ECA-81DD-0D1D8F3EB0E2}"
EndProject
Project("{FAE04EC0-301F-11D3-BF4B-00C04F79EFBC}") = "Crawler.Domain.Tests", "tests\Crawler.Domain.Tests\Crawler.Domain.Tests.csproj", "{8371310A-09E9-48C7-A93F-242E473F14EA}"
EndProject
Project("{FAE04EC0-301F-11D3-BF4B-00C04F79EFBC}") = "Crawler.Contracts", "src\Crawler.Contracts\Crawler.Contracts.csproj", "{EAF91CE4-520D-420B-9662-E94C4237D5DD}"
EndProject
Project("{FAE04EC0-301F-11D3-BF4B-00C04F79EFBC}") = "Crawler.Application", "src\Crawler.Application\Crawler.Application.csproj", "{7E710F1C-99EB-4EF2-A87B-7A7C9E3CD150}"
EndProject
Project("{FAE04EC0-301F-11D3-BF4B-00C04F79EFBC}") = "Crawler.Infrastructure", "src\Crawler.Infrastructure\Crawler.Infrastructure.csproj", "{C9BC2BAA-E829-41BB-9A57-9BDC92642783}"
EndProject
Project("{FAE04EC0-301F-11D3-BF4B-00C04F79EFBC}") = "Crawler.IntegrationTests", "tests\Crawler.IntegrationTests\Crawler.IntegrationTests.csproj", "{5632BF90-C9B1-428A-B4FB-E294CD415E76}"
EndProject
Project("{FAE04EC0-301F-11D3-BF4B-00C04F79EFBC}") = "Crawler.Worker", "src\Crawler.Worker\Crawler.Worker.csproj", "{2D9250C2-9D8F-40FC-8BE6-82A16898AD18}"
EndProject
Global
	GlobalSection(SolutionConfigurationPlatforms) = preSolution
		Debug|Any CPU = Debug|Any CPU
		Release|Any CPU = Release|Any CPU
	EndGlobalSection
	GlobalSection(SolutionProperties) = preSolution
		HideSolutionNode = FALSE
	EndGlobalSection
	GlobalSection(ProjectConfigurationPlatforms) = postSolution
		{A7A0F3C7-F5AD-409E-A9C0-A9705D018E63}.Debug|Any CPU.ActiveCfg = Debug|Any CPU
		{A7A0F3C7-F5AD-409E-A9C0-A9705D018E63}.Debug|Any CPU.Build.0 = Debug|Any CPU
		{A7A0F3C7-F5AD-409E-A9C0-A9705D018E63}.Release|Any CPU.ActiveCfg = Release|Any CPU
		{A7A0F3C7-F5AD-409E-A9C0-A9705D018E63}.Release|Any CPU.Build.0 = Release|Any CPU
		{8371310A-09E9-48C7-A93F-242E473F14EA}.Debug|Any CPU.ActiveCfg = Debug|Any CPU
		{8371310A-09E9-48C7-A93F-242E473F14EA}.Debug|Any CPU.Build.0 = Debug|Any CPU
		{8371310A-09E9-48C7-A93F-242E473F14EA}.Release|Any CPU.ActiveCfg = Release|Any CPU
		{8371310A-09E9-48C7-A93F-242E473F14EA}.Release|Any CPU.Build.0 = Release|Any CPU
		{EAF91CE4-520D-420B-9662-E94C4237D5DD}.Debug|Any CPU.ActiveCfg = Debug|Any CPU
		{EAF91CE4-520D-420B-9662-E94C4237D5DD}.Debug|Any CPU.Build.0 = Debug|Any CPU
		{EAF91CE4-520D-420B-9662-E94C4237D5DD}.Release|Any CPU.ActiveCfg = Release|Any CPU
		{EAF91CE4-520D-420B-9662-E94C4237D5DD}.Release|Any CPU.Build.0 = Release|Any CPU
		{7E710F1C-99EB-4EF2-A87B-7A7C9E3CD150}.Debug|Any CPU.ActiveCfg = Debug|Any CPU
		{7E710F1C-99EB-4EF2-A87B-7A7C9E3CD150}.Debug|Any CPU.Build.0 = Debug|Any CPU
		{7E710F1C-99EB-4EF2-A87B-7A7C9E3CD150}.Release|Any CPU.ActiveCfg = Release|Any CPU
		{7E710F1C-99EB-4EF2-A87B-7A7C9E3CD150}.Release|Any CPU.Build.0 = Release|Any CPU
		{C9BC2BAA-E829-41BB-9A57-9BDC92642783}.Debug|Any CPU.ActiveCfg = Debug|Any CPU
		{C9BC2BAA-E829-41BB-9A57-9BDC92642783}.Debug|Any CPU.Build.0 = Debug|Any CPU
		{C9BC2BAA-E829-41BB-9A57-9BDC92642783}.Release|Any CPU.ActiveCfg = Release|Any CPU
		{C9BC2BAA-E829-41BB-9A57-9BDC92642783}.Release|Any CPU.Build.0 = Release|Any CPU
		{5632BF90-C9B1-428A-B4FB-E294CD415E76}.Debug|Any CPU.ActiveCfg = Debug|Any CPU
		{5632BF90-C9B1-428A-B4FB-E294CD415E76}.Debug|Any CPU.Build.0 = Debug|Any CPU
		{5632BF90-C9B1-428A-B4FB-E294CD415E76}.Release|Any CPU.ActiveCfg = Release|Any CPU
		{5632BF90-C9B1-428A-B4FB-E294CD415E76}.Release|Any CPU.Build.0 = Release|Any CPU
		{2D9250C2-9D8F-40FC-8BE6-82A16898AD18}.Debug|Any CPU.ActiveCfg = Debug|Any CPU
		{2D9250C2-9D8F-40FC-8BE6-82A16898AD18}.Debug|Any CPU.Build.0 = Debug|Any CPU
		{2D9250C2-9D8F-40FC-8BE6-82A16898AD18}.Release|Any CPU.ActiveCfg = Release|Any CPU
		{2D9250C2-9D8F-40FC-8BE6-82A16898AD18}.Release|Any CPU.Build.0 = Release|Any CPU
	EndGlobalSection
	GlobalSection(NestedProjects) = preSolution
		{A7A0F3C7-F5AD-409E-A9C0-A9705D018E63} = {643EE121-702B-4A9B-8DC2-D31AF7A28E27}
		{8371310A-09E9-48C7-A93F-242E473F14EA} = {DAF69F2D-FA8E-4ECA-81DD-0D1D8F3EB0E2}
		{EAF91CE4-520D-420B-9662-E94C4237D5DD} = {643EE121-702B-4A9B-8DC2-D31AF7A28E27}
		{7E710F1C-99EB-4EF2-A87B-7A7C9E3CD150} = {643EE121-702B-4A9B-8DC2-D31AF7A28E27}
		{C9BC2BAA-E829-41BB-9A57-9BDC92642783} = {643EE121-702B-4A9B-8DC2-D31AF7A28E27}
		{5632BF90-C9B1-428A-B4FB-E294CD415E76} = {DAF69F2D-FA8E-4ECA-81DD-0D1D8F3EB0E2}
		{2D9250C2-9D8F-40FC-8BE6-82A16898AD18} = {643EE121-702B-4A9B-8DC2-D31AF7A28E27}
	EndGlobalSection
EndGlobal
